
Microsoft Visual Studio Solution File, Format Version 12.00
# Visual Studio Version 17
VisualStudioVersion = 17.0.31903.59
MinimumVisualStudioVersion = 10.0.40219.1
Project("{2150E333-8FDC-42A3-9474-1A3956D46DE8}") = "src", "src", "{28E279FF-7C07-424E-938F-E34334B69D88}"
EndProject
Project("{FAE04EC0-301F-11D3-BF4B-00C04F79EFBC}") = "ChatBot.API", "src\ChatBot.API\ChatBot.API.csproj", "{D6C64E7B-A98E-49E9-871E-1F766E0573AF}"
EndProject
Project("{FAE04EC0-301F-11D3-BF4B-00C04F79EFBC}") = "ChatBot.Infrastructure", "src\ChatBot.Infrastructure\ChatBot.Infrastructure.csproj", "{97B2E763-7092-4A9B-80ED-B6C3CEF1D935}"
EndProject
Project("{FAE04EC0-301F-11D3-BF4B-00C04F79EFBC}") = "ChatBot.Domain", "src\ChatBot.Domain\ChatBot.Domain.csproj", "{F8875A20-5C3A-47BD-BA03-4BB561BB54D0}"
EndProject
Global
	GlobalSection(SolutionConfigurationPlatforms) = preSolution
		Debug|Any CPU = Debug|Any CPU
		Release|Any CPU = Release|Any CPU
	EndGlobalSection
	GlobalSection(SolutionProperties) = preSolution
		HideSolutionNode = FALSE
	EndGlobalSection
	GlobalSection(ProjectConfigurationPlatforms) = postSolution
		{D6C64E7B-A98E-49E9-871E-1F766E0573AF}.Debug|Any CPU.ActiveCfg = Debug|Any CPU
		{D6C64E7B-A98E-49E9-871E-1F766E0573AF}.Debug|Any CPU.Build.0 = Debug|Any CPU
		{D6C64E7B-A98E-49E9-871E-1F766E0573AF}.Release|Any CPU.ActiveCfg = Release|Any CPU
		{D6C64E7B-A98E-49E9-871E-1F766E0573AF}.Release|Any CPU.Build.0 = Release|Any CPU
		{97B2E763-7092-4A9B-80ED-B6C3CEF1D935}.Debug|Any CPU.ActiveCfg = Debug|Any CPU
		{97B2E763-7092-4A9B-80ED-B6C3CEF1D935}.Debug|Any CPU.Build.0 = Debug|Any CPU
		{97B2E763-7092-4A9B-80ED-B6C3CEF1D935}.Release|Any CPU.ActiveCfg = Release|Any CPU
		{97B2E763-7092-4A9B-80ED-B6C3CEF1D935}.Release|Any CPU.Build.0 = Release|Any CPU
		{F8875A20-5C3A-47BD-BA03-4BB561BB54D0}.Debug|Any CPU.ActiveCfg = Debug|Any CPU
		{F8875A20-5C3A-47BD-BA03-4BB561BB54D0}.Debug|Any CPU.Build.0 = Debug|Any CPU
		{F8875A20-5C3A-47BD-BA03-4BB561BB54D0}.Release|Any CPU.ActiveCfg = Release|Any CPU
		{F8875A20-5C3A-47BD-BA03-4BB561BB54D0}.Release|Any CPU.Build.0 = Release|Any CPU
	EndGlobalSection
	GlobalSection(NestedProjects) = preSolution
		{D6C64E7B-A98E-49E9-871E-1F766E0573AF} = {28E279FF-7C07-424E-938F-E34334B69D88}
		{97B2E763-7092-4A9B-80ED-B6C3CEF1D935} = {28E279FF-7C07-424E-938F-E34334B69D88}
		{F8875A20-5C3A-47BD-BA03-4BB561BB54D0} = {28E279FF-7C07-424E-938F-E34334B69D88}
	EndGlobalSection
EndGlobal
